
Microsoft Visual Studio Solution File, Format Version 12.00
# Visual Studio Version 16
VisualStudioVersion = 16.0.30413.136
MinimumVisualStudioVersion = 10.0.40219.1
Project("{FAE04EC0-301F-11D3-BF4B-00C04F79EFBC}") = "hitungBerat_09_BagasSurahman", "hitungBerat_09_BagasSurahman\hitungBerat_09_BagasSurahman.csproj", "{457F0E38-87B6-46EE-AB96-C3A4781B1C16}"
EndProject
Global
	GlobalSection(SolutionConfigurationPlatforms) = preSolution
		Debug|Any CPU = Debug|Any CPU
		Release|Any CPU = Release|Any CPU
	EndGlobalSection
	GlobalSection(ProjectConfigurationPlatforms) = postSolution
		{457F0E38-87B6-46EE-AB96-C3A4781B1C16}.Debug|Any CPU.ActiveCfg = Debug|Any CPU
		{457F0E38-87B6-46EE-AB96-C3A4781B1C16}.Debug|Any CPU.Build.0 = Debug|Any CPU
		{457F0E38-87B6-46EE-AB96-C3A4781B1C16}.Release|Any CPU.ActiveCfg = Release|Any CPU
		{457F0E38-87B6-46EE-AB96-C3A4781B1C16}.Release|Any CPU.Build.0 = Release|Any CPU
	EndGlobalSection
	GlobalSection(SolutionProperties) = preSolution
		HideSolutionNode = FALSE
	EndGlobalSection
	GlobalSection(ExtensibilityGlobals) = postSolution
		SolutionGuid = {AAC0EDF8-D8F4-407C-988F-8640C4540C27}
	EndGlobalSection
EndGlobal
